
Microsoft Visual Studio Solution File, Format Version 12.00
# Visual Studio Version 17
VisualStudioVersion = 17.8.34309.116
MinimumVisualStudioVersion = 10.0.40219.1
Project("{9A19103F-16F7-4668-BE54-9A1E7A4F7556}") = "Pedantic", "Pedantic\Pedantic.csproj", "{44FD4A48-C6E8-44FE-960A-F77AB8913980}"
EndProject
Project("{9A19103F-16F7-4668-BE54-9A1E7A4F7556}") = "Pedantic.UnitTests", "Pedantic.UnitTests\Pedantic.UnitTests.csproj", "{15D34A31-B715-4687-8327-2A1530BFB7D9}"
EndProject
Project("{9A19103F-16F7-4668-BE54-9A1E7A4F7556}") = "Pedantic.Benchmarks", "Pedantic.Benchmarks\Pedantic.Benchmarks.csproj", "{EF6FBEFC-C0F8-4342-B36F-A9A3960E2BB3}"
EndProject
Project("{8BC9CEB8-8B4A-11D0-8D11-00A0C91BC942}") = "Pedantic.Tablebase", "Pedantic.Tablebase\Pedantic.Tablebase.vcxproj", "{03258002-C760-48E2-9EA7-EF22F9664547}"
EndProject
Global
	GlobalSection(SolutionConfigurationPlatforms) = preSolution
		Debug|Any CPU = Debug|Any CPU
		Debug|x64 = Debug|x64
		Release|Any CPU = Release|Any CPU
		Release|x64 = Release|x64
	EndGlobalSection
	GlobalSection(ProjectConfigurationPlatforms) = postSolution
		{44FD4A48-C6E8-44FE-960A-F77AB8913980}.Debug|Any CPU.ActiveCfg = Debug|Any CPU
		{44FD4A48-C6E8-44FE-960A-F77AB8913980}.Debug|Any CPU.Build.0 = Debug|Any CPU
		{44FD4A48-C6E8-44FE-960A-F77AB8913980}.Debug|x64.ActiveCfg = Debug|x64
		{44FD4A48-C6E8-44FE-960A-F77AB8913980}.Debug|x64.Build.0 = Debug|x64
		{44FD4A48-C6E8-44FE-960A-F77AB8913980}.Release|Any CPU.ActiveCfg = Release|Any CPU
		{44FD4A48-C6E8-44FE-960A-F77AB8913980}.Release|Any CPU.Build.0 = Release|Any CPU
		{44FD4A48-C6E8-44FE-960A-F77AB8913980}.Release|x64.ActiveCfg = Release|x64
		{44FD4A48-C6E8-44FE-960A-F77AB8913980}.Release|x64.Build.0 = Release|x64
		{15D34A31-B715-4687-8327-2A1530BFB7D9}.Debug|Any CPU.ActiveCfg = Debug|Any CPU
		{15D34A31-B715-4687-8327-2A1530BFB7D9}.Debug|Any CPU.Build.0 = Debug|Any CPU
		{15D34A31-B715-4687-8327-2A1530BFB7D9}.Debug|x64.ActiveCfg = Debug|x64
		{15D34A31-B715-4687-8327-2A1530BFB7D9}.Debug|x64.Build.0 = Debug|x64
		{15D34A31-B715-4687-8327-2A1530BFB7D9}.Release|Any CPU.ActiveCfg = Release|Any CPU
		{15D34A31-B715-4687-8327-2A1530BFB7D9}.Release|Any CPU.Build.0 = Release|Any CPU
		{15D34A31-B715-4687-8327-2A1530BFB7D9}.Release|x64.ActiveCfg = Release|x64
		{15D34A31-B715-4687-8327-2A1530BFB7D9}.Release|x64.Build.0 = Release|x64
		{EF6FBEFC-C0F8-4342-B36F-A9A3960E2BB3}.Debug|Any CPU.ActiveCfg = Debug|Any CPU
		{EF6FBEFC-C0F8-4342-B36F-A9A3960E2BB3}.Debug|Any CPU.Build.0 = Debug|Any CPU
		{EF6FBEFC-C0F8-4342-B36F-A9A3960E2BB3}.Debug|x64.ActiveCfg = Debug|Any CPU
		{EF6FBEFC-C0F8-4342-B36F-A9A3960E2BB3}.Debug|x64.Build.0 = Debug|Any CPU
		{EF6FBEFC-C0F8-4342-B36F-A9A3960E2BB3}.Release|Any CPU.ActiveCfg = Release|Any CPU
		{EF6FBEFC-C0F8-4342-B36F-A9A3960E2BB3}.Release|Any CPU.Build.0 = Release|Any CPU
		{EF6FBEFC-C0F8-4342-B36F-A9A3960E2BB3}.Release|x64.ActiveCfg = Release|Any CPU
		{EF6FBEFC-C0F8-4342-B36F-A9A3960E2BB3}.Release|x64.Build.0 = Release|Any CPU
		{03258002-C760-48E2-9EA7-EF22F9664547}.Debug|Any CPU.ActiveCfg = Debug|x64
		{03258002-C760-48E2-9EA7-EF22F9664547}.Debug|Any CPU.Build.0 = Debug|x64
		{03258002-C760-48E2-9EA7-EF22F9664547}.Debug|x64.ActiveCfg = Debug|x64
		{03258002-C760-48E2-9EA7-EF22F9664547}.Debug|x64.Build.0 = Debug|x64
		{03258002-C760-48E2-9EA7-EF22F9664547}.Release|Any CPU.ActiveCfg = Release|x64
		{03258002-C760-48E2-9EA7-EF22F9664547}.Release|Any CPU.Build.0 = Release|x64
		{03258002-C760-48E2-9EA7-EF22F9664547}.Release|x64.ActiveCfg = Release|x64
		{03258002-C760-48E2-9EA7-EF22F9664547}.Release|x64.Build.0 = Release|x64
	EndGlobalSection
	GlobalSection(SolutionProperties) = preSolution
		HideSolutionNode = FALSE
	EndGlobalSection
	GlobalSection(ExtensibilityGlobals) = postSolution
		SolutionGuid = {41535896-3A45-46BF-B748-B8AA5DEAA561}
	EndGlobalSection
EndGlobal
